
Microsoft Visual Studio Solution File, Format Version 12.00
# Visual Studio Version 17
VisualStudioVersion = 17.4.33213.308
MinimumVisualStudioVersion = 10.0.40219.1
Project("{FAE04EC0-301F-11D3-BF4B-00C04F79EFBC}") = "SistemaFarmacia", "SistemaFarmacia\SistemaFarmacia.csproj", "{568486C7-72F5-4CE9-8516-256ABEC2D25D}"
EndProject
Global
	GlobalSection(SolutionConfigurationPlatforms) = preSolution
		Debug|Any CPU = Debug|Any CPU
		Release|Any CPU = Release|Any CPU
	EndGlobalSection
	GlobalSection(ProjectConfigurationPlatforms) = postSolution
		{568486C7-72F5-4CE9-8516-256ABEC2D25D}.Debug|Any CPU.ActiveCfg = Debug|Any CPU
		{568486C7-72F5-4CE9-8516-256ABEC2D25D}.Debug|Any CPU.Build.0 = Debug|Any CPU
		{568486C7-72F5-4CE9-8516-256ABEC2D25D}.Release|Any CPU.ActiveCfg = Release|Any CPU
		{568486C7-72F5-4CE9-8516-256ABEC2D25D}.Release|Any CPU.Build.0 = Release|Any CPU
	EndGlobalSection
	GlobalSection(SolutionProperties) = preSolution
		HideSolutionNode = FALSE
	EndGlobalSection
	GlobalSection(ExtensibilityGlobals) = postSolution
		SolutionGuid = {54455C15-3EB1-421A-8A65-3EBB013AA941}
	EndGlobalSection
EndGlobal
